
Microsoft Visual Studio Solution File, Format Version 12.00
# Visual Studio Version 17
VisualStudioVersion = 17.0.32112.339
MinimumVisualStudioVersion = 10.0.40219.1
Project("{FAE04EC0-301F-11D3-BF4B-00C04F79EFBC}") = "System.Windows.UI", "System.Windows.UI\System.Windows.UI.csproj", "{367AA5F1-A036-4083-B406-0DBAA25CFF65}"
EndProject
Global
	GlobalSection(SolutionConfigurationPlatforms) = preSolution
		Debug|Any CPU = Debug|Any CPU
		Release|Any CPU = Release|Any CPU
	EndGlobalSection
	GlobalSection(ProjectConfigurationPlatforms) = postSolution
		{367AA5F1-A036-4083-B406-0DBAA25CFF65}.Debug|Any CPU.ActiveCfg = Debug|Any CPU
		{367AA5F1-A036-4083-B406-0DBAA25CFF65}.Debug|Any CPU.Build.0 = Debug|Any CPU
		{367AA5F1-A036-4083-B406-0DBAA25CFF65}.Release|Any CPU.ActiveCfg = Release|Any CPU
		{367AA5F1-A036-4083-B406-0DBAA25CFF65}.Release|Any CPU.Build.0 = Release|Any CPU
	EndGlobalSection
	GlobalSection(SolutionProperties) = preSolution
		HideSolutionNode = FALSE
	EndGlobalSection
	GlobalSection(ExtensibilityGlobals) = postSolution
		SolutionGuid = {CAF1C5DA-76D7-4BC9-98AF-FA20894FCD00}
	EndGlobalSection
EndGlobal
